
Microsoft Visual Studio Solution File, Format Version 11.00
# Visual Studio 2010
Project("{FAE04EC0-301F-11D3-BF4B-00C04F79EFBC}") = "zombi-killer-final", "Assembly-CSharp.csproj", "{B2012AE5-AB20-D9D8-F8E6-080CD5B14E52}"
EndProject
Project("{FAE04EC0-301F-11D3-BF4B-00C04F79EFBC}") = "zombi-killer-final", "Assembly-CSharp-Editor.csproj", "{F925F0BB-DF92-B756-D399-EDEB96A5B2E0}"
EndProject
Global
	GlobalSection(SolutionConfigurationPlatforms) = preSolution
		Debug|Any CPU = Debug|Any CPU
		Release|Any CPU = Release|Any CPU
	EndGlobalSection
	GlobalSection(ProjectConfigurationPlatforms) = postSolution
		{B2012AE5-AB20-D9D8-F8E6-080CD5B14E52}.Debug|Any CPU.ActiveCfg = Debug|Any CPU
		{B2012AE5-AB20-D9D8-F8E6-080CD5B14E52}.Debug|Any CPU.Build.0 = Debug|Any CPU
		{B2012AE5-AB20-D9D8-F8E6-080CD5B14E52}.Release|Any CPU.ActiveCfg = Release|Any CPU
		{B2012AE5-AB20-D9D8-F8E6-080CD5B14E52}.Release|Any CPU.Build.0 = Release|Any CPU
		{F925F0BB-DF92-B756-D399-EDEB96A5B2E0}.Debug|Any CPU.ActiveCfg = Debug|Any CPU
		{F925F0BB-DF92-B756-D399-EDEB96A5B2E0}.Debug|Any CPU.Build.0 = Debug|Any CPU
		{F925F0BB-DF92-B756-D399-EDEB96A5B2E0}.Release|Any CPU.ActiveCfg = Release|Any CPU
		{F925F0BB-DF92-B756-D399-EDEB96A5B2E0}.Release|Any CPU.Build.0 = Release|Any CPU
	EndGlobalSection
	GlobalSection(SolutionProperties) = preSolution
		HideSolutionNode = FALSE
	EndGlobalSection
	GlobalSection(MonoDevelopProperties) = preSolution
		StartupItem = Assembly-CSharp.csproj
	EndGlobalSection
EndGlobal
